// !$*UTF8*$!
{
	archiveVersion = 1;
	classes = {
	};
	objectVersion = 50;
	objects = {

/* Begin PBXBuildFile section */
		363DDC3F2196EABC00D6CE4C /* AppDelegate.swift in Sources */ = {isa = PBXBuildFile; fileRef = 363DDC3E2196EABC00D6CE4C /* AppDelegate.swift */; };
		363DDC412196EABC00D6CE4C /* ViewController.swift in Sources */ = {isa = PBXBuildFile; fileRef = 363DDC402196EABC00D6CE4C /* ViewController.swift */; };
		363DDC442196EABC00D6CE4C /* Main.storyboard in Resources */ = {isa = PBXBuildFile; fileRef = 363DDC422196EABC00D6CE4C /* Main.storyboard */; };
		363DDC462196EABD00D6CE4C /* Assets.xcassets in Resources */ = {isa = PBXBuildFile; fileRef = 363DDC452196EABD00D6CE4C /* Assets.xcassets */; };
		363DDC492196EABD00D6CE4C /* LaunchScreen.storyboard in Resources */ = {isa = PBXBuildFile; fileRef = 363DDC472196EABD00D6CE4C /* LaunchScreen.storyboard */; };
		3693578F219A486F006A8737 /* Default-568h@2x.png in Resources */ = {isa = PBXBuildFile; fileRef = 3693578E219A486F006A8737 /* Default-568h@2x.png */; };
		36F2B53B21991DC200685055 /* DashboardViewController.swift in Sources */ = {isa = PBXBuildFile; fileRef = 36F2B53A21991DC200685055 /* DashboardViewController.swift */; };
		ADA20414E49E1747BA86CA6A /* Pods_onBoardGame.framework in Frameworks */ = {isa = PBXBuildFile; fileRef = CA6355267AF3DC467AC30F94 /* Pods_onBoardGame.framework */; };
/* End PBXBuildFile section */

/* Begin PBXFileReference section */
		363DDC3B2196EABC00D6CE4C /* onBoardGame.app */ = {isa = PBXFileReference; explicitFileType = wrapper.application; includeInIndex = 0; path = onBoardGame.app; sourceTree = BUILT_PRODUCTS_DIR; };
		363DDC3E2196EABC00D6CE4C /* AppDelegate.swift */ = {isa = PBXFileReference; lastKnownFileType = sourcecode.swift; path = AppDelegate.swift; sourceTree = "<group>"; };
		363DDC402196EABC00D6CE4C /* ViewController.swift */ = {isa = PBXFileReference; lastKnownFileType = sourcecode.swift; path = ViewController.swift; sourceTree = "<group>"; };
		363DDC432196EABC00D6CE4C /* Base */ = {isa = PBXFileReference; lastKnownFileType = file.storyboard; name = Base; path = Base.lproj/Main.storyboard; sourceTree = "<group>"; };
		363DDC452196EABD00D6CE4C /* Assets.xcassets */ = {isa = PBXFileReference; lastKnownFileType = folder.assetcatalog; path = Assets.xcassets; sourceTree = "<group>"; };
		363DDC482196EABD00D6CE4C /* Base */ = {isa = PBXFileReference; lastKnownFileType = file.storyboard; name = Base; path = Base.lproj/LaunchScreen.storyboard; sourceTree = "<group>"; };
		363DDC4A2196EABD00D6CE4C /* Info.plist */ = {isa = PBXFileReference; lastKnownFileType = text.plist.xml; path = Info.plist; sourceTree = "<group>"; };
		3693578921997682006A8737 /* onBoardGame.entitlements */ = {isa = PBXFileReference; lastKnownFileType = text.plist.entitlements; path = onBoardGame.entitlements; sourceTree = "<group>"; };
		3693578E219A486F006A8737 /* Default-568h@2x.png */ = {isa = PBXFileReference; lastKnownFileType = image.png; path = "Default-568h@2x.png"; sourceTree = "<group>"; };
		36F2B53A21991DC200685055 /* DashboardViewController.swift */ = {isa = PBXFileReference; lastKnownFileType = sourcecode.swift; path = DashboardViewController.swift; sourceTree = "<group>"; };
		52E54FF415CBF02702E3CFA8 /* Pods-onBoardGame.release.xcconfig */ = {isa = PBXFileReference; includeInIndex = 1; lastKnownFileType = text.xcconfig; name = "Pods-onBoardGame.release.xcconfig"; path = "Pods/Target Support Files/Pods-onBoardGame/Pods-onBoardGame.release.xcconfig"; sourceTree = "<group>"; };
		B5EBF445AC53D9262CA14AC3 /* Pods-onBoardGame.debug.xcconfig */ = {isa = PBXFileReference; includeInIndex = 1; lastKnownFileType = text.xcconfig; name = "Pods-onBoardGame.debug.xcconfig"; path = "Pods/Target Support Files/Pods-onBoardGame/Pods-onBoardGame.debug.xcconfig"; sourceTree = "<group>"; };
		CA6355267AF3DC467AC30F94 /* Pods_onBoardGame.framework */ = {isa = PBXFileReference; explicitFileType = wrapper.framework; includeInIndex = 0; path = Pods_onBoardGame.framework; sourceTree = BUILT_PRODUCTS_DIR; };
/* End PBXFileReference section */

/* Begin PBXFrameworksBuildPhase section */
		363DDC382196EABC00D6CE4C /* Frameworks */ = {
			isa = PBXFrameworksBuildPhase;
			buildActionMask = 2147483647;
			files = (
				ADA20414E49E1747BA86CA6A /* Pods_onBoardGame.framework in Frameworks */,
			);
			runOnlyForDeploymentPostprocessing = 0;
		};
/* End PBXFrameworksBuildPhase section */

/* Begin PBXGroup section */
		363DDC322196EABC00D6CE4C = {
			isa = PBXGroup;
			children = (
				3693578E219A486F006A8737 /* Default-568h@2x.png */,
				363DDC3D2196EABC00D6CE4C /* onBoardGame */,
				363DDC3C2196EABC00D6CE4C /* Products */,
				3CF501A62E80228E648665D8 /* Pods */,
				BF8B25F1758F2A9BA0C57DDF /* Frameworks */,
			);
			sourceTree = "<group>";
		};
		363DDC3C2196EABC00D6CE4C /* Products */ = {
			isa = PBXGroup;
			children = (
				363DDC3B2196EABC00D6CE4C /* onBoardGame.app */,
			);
			name = Products;
			sourceTree = "<group>";
		};
		363DDC3D2196EABC00D6CE4C /* onBoardGame */ = {
			isa = PBXGroup;
			children = (
				363DDC4A2196EABD00D6CE4C /* Info.plist */,
				3693578B219A267A006A8737 /* Controller */,
				3693578C219A2909006A8737 /* View */,
				3693578D219A2925006A8737 /* Supporting Files */,
			);
			path = onBoardGame;
			sourceTree = "<group>";
		};
		3693578B219A267A006A8737 /* Controller */ = {
			isa = PBXGroup;
			children = (
				363DDC3E2196EABC00D6CE4C /* AppDelegate.swift */,
				363DDC402196EABC00D6CE4C /* ViewController.swift */,
				36F2B53A21991DC200685055 /* DashboardViewController.swift */,
			);
			path = Controller;
			sourceTree = "<group>";
		};
		3693578C219A2909006A8737 /* View */ = {
			isa = PBXGroup;
			children = (
				363DDC422196EABC00D6CE4C /* Main.storyboard */,
				363DDC472196EABD00D6CE4C /* LaunchScreen.storyboard */,
			);
			path = View;
			sourceTree = "<group>";
		};
		3693578D219A2925006A8737 /* Supporting Files */ = {
			isa = PBXGroup;
			children = (
				363DDC452196EABD00D6CE4C /* Assets.xcassets */,
				3693578921997682006A8737 /* onBoardGame.entitlements */,
			);
			path = "Supporting Files";
			sourceTree = "<group>";
		};
		3CF501A62E80228E648665D8 /* Pods */ = {
			isa = PBXGroup;
			children = (
				B5EBF445AC53D9262CA14AC3 /* Pods-onBoardGame.debug.xcconfig */,
				52E54FF415CBF02702E3CFA8 /* Pods-onBoardGame.release.xcconfig */,
			);
			name = Pods;
			sourceTree = "<group>";
		};
		BF8B25F1758F2A9BA0C57DDF /* Frameworks */ = {
			isa = PBXGroup;
			children = (
				CA6355267AF3DC467AC30F94 /* Pods_onBoardGame.framework */,
			);
			name = Frameworks;
			sourceTree = "<group>";
		};
/* End PBXGroup section */

/* Begin PBXNativeTarget section */
		363DDC3A2196EABC00D6CE4C /* onBoardGame */ = {
			isa = PBXNativeTarget;
			buildConfigurationList = 363DDC4D2196EABD00D6CE4C /* Build configuration list for PBXNativeTarget "onBoardGame" */;
			buildPhases = (
				61E6572FB7EF7FC569DF71ED /* [CP] Check Pods Manifest.lock */,
				363DDC372196EABC00D6CE4C /* Sources */,
				363DDC382196EABC00D6CE4C /* Frameworks */,
				363DDC392196EABC00D6CE4C /* Resources */,
				B71369E5201459B45B5D2C9D /* [CP] Embed Pods Frameworks */,
			);
			buildRules = (
			);
			dependencies = (
			);
			name = onBoardGame;
			productName = onBoardGame;
			productReference = 363DDC3B2196EABC00D6CE4C /* onBoardGame.app */;
			productType = "com.apple.product-type.application";
		};
/* End PBXNativeTarget section */

/* Begin PBXProject section */
		363DDC332196EABC00D6CE4C /* Project object */ = {
			isa = PBXProject;
			attributes = {
				LastSwiftUpdateCheck = 1000;
				LastUpgradeCheck = 1000;
				ORGANIZATIONNAME = "Hank Chou";
				TargetAttributes = {
					363DDC3A2196EABC00D6CE4C = {
						CreatedOnToolsVersion = 10.0;
						SystemCapabilities = {
							com.apple.Keychain = {
								enabled = 1;
							};
						};
					};
				};
			};
			buildConfigurationList = 363DDC362196EABC00D6CE4C /* Build configuration list for PBXProject "onBoardGame" */;
			compatibilityVersion = "Xcode 9.3";
			developmentRegion = en;
			hasScannedForEncodings = 0;
			knownRegions = (
				en,
				Base,
			);
			mainGroup = 363DDC322196EABC00D6CE4C;
			productRefGroup = 363DDC3C2196EABC00D6CE4C /* Products */;
			projectDirPath = "";
			projectRoot = "";
			targets = (
				363DDC3A2196EABC00D6CE4C /* onBoardGame */,
			);
		};
/* End PBXProject section */

/* Begin PBXResourcesBuildPhase section */
		363DDC392196EABC00D6CE4C /* Resources */ = {
			isa = PBXResourcesBuildPhase;
			buildActionMask = 2147483647;
			files = (
				363DDC492196EABD00D6CE4C /* LaunchScreen.storyboard in Resources */,
				3693578F219A486F006A8737 /* Default-568h@2x.png in Resources */,
				363DDC462196EABD00D6CE4C /* Assets.xcassets in Resources */,
				363DDC442196EABC00D6CE4C /* Main.storyboard in Resources */,
			);
			runOnlyForDeploymentPostprocessing = 0;
		};
/* End PBXResourcesBuildPhase section */

/* Begin PBXShellScriptBuildPhase section */
		61E6572FB7EF7FC569DF71ED /* [CP] Check Pods Manifest.lock */ = {
			isa = PBXShellScriptBuildPhase;
			buildActionMask = 2147483647;
			files = (
			);
			inputFileListPaths = (
			);
			inputPaths = (
				"${PODS_PODFILE_DIR_PATH}/Podfile.lock",
				"${PODS_ROOT}/Manifest.lock",
			);
			name = "[CP] Check Pods Manifest.lock";
			outputFileListPaths = (
			);
			outputPaths = (
				"$(DERIVED_FILE_DIR)/Pods-onBoardGame-checkManifestLockResult.txt",
			);
			runOnlyForDeploymentPostprocessing = 0;
			shellPath = /bin/sh;
			shellScript = "diff \"${PODS_PODFILE_DIR_PATH}/Podfile.lock\" \"${PODS_ROOT}/Manifest.lock\" > /dev/null\nif [ $? != 0 ] ; then\n    # print error to STDERR\n    echo \"error: The sandbox is not in sync with the Podfile.lock. Run 'pod install' or update your CocoaPods installation.\" >&2\n    exit 1\nfi\n# This output is used by Xcode 'outputs' to avoid re-running this script phase.\necho \"SUCCESS\" > \"${SCRIPT_OUTPUT_FILE_0}\"\n";
			showEnvVarsInLog = 0;
		};
		B71369E5201459B45B5D2C9D /* [CP] Embed Pods Frameworks */ = {
			isa = PBXShellScriptBuildPhase;
			buildActionMask = 2147483647;
			files = (
			);
			inputFileListPaths = (
			);
			inputPaths = (
				"${SRCROOT}/Pods/Target Support Files/Pods-onBoardGame/Pods-onBoardGame-frameworks.sh",
				"${BUILT_PRODUCTS_DIR}/Bolts/Bolts.framework",
				"${BUILT_PRODUCTS_DIR}/FBSDKCoreKit/FBSDKCoreKit.framework",
				"${BUILT_PRODUCTS_DIR}/FBSDKLoginKit/FBSDKLoginKit.framework",
				"${BUILT_PRODUCTS_DIR}/FBSDKShareKit/FBSDKShareKit.framework",
				"${BUILT_PRODUCTS_DIR}/FacebookCore/FacebookCore.framework",
				"${BUILT_PRODUCTS_DIR}/FacebookShare/FacebookShare.framework",
				"${BUILT_PRODUCTS_DIR}/SideMenu/SideMenu.framework",
			);
			name = "[CP] Embed Pods Frameworks";
			outputFileListPaths = (
			);
			outputPaths = (
				"${TARGET_BUILD_DIR}/${FRAMEWORKS_FOLDER_PATH}/Bolts.framework",
				"${TARGET_BUILD_DIR}/${FRAMEWORKS_FOLDER_PATH}/FBSDKCoreKit.framework",
				"${TARGET_BUILD_DIR}/${FRAMEWORKS_FOLDER_PATH}/FBSDKLoginKit.framework",
				"${TARGET_BUILD_DIR}/${FRAMEWORKS_FOLDER_PATH}/FBSDKShareKit.framework",
				"${TARGET_BUILD_DIR}/${FRAMEWORKS_FOLDER_PATH}/FacebookCore.framework",
				"${TARGET_BUILD_DIR}/${FRAMEWORKS_FOLDER_PATH}/FacebookShare.framework",
				"${TARGET_BUILD_DIR}/${FRAMEWORKS_FOLDER_PATH}/SideMenu.framework",
			);
			runOnlyForDeploymentPostprocessing = 0;
			shellPath = /bin/sh;
			shellScript = "\"${SRCROOT}/Pods/Target Support Files/Pods-onBoardGame/Pods-onBoardGame-frameworks.sh\"\n";
			showEnvVarsInLog = 0;
		};
/* End PBXShellScriptBuildPhase section */

/* Begin PBXSourcesBuildPhase section */
		363DDC372196EABC00D6CE4C /* Sources */ = {
			isa = PBXSourcesBuildPhase;
			buildActionMask = 2147483647;
			files = (
				363DDC412196EABC00D6CE4C /* ViewController.swift in Sources */,
				36F2B53B21991DC200685055 /* DashboardViewController.swift in Sources */,
				363DDC3F2196EABC00D6CE4C /* AppDelegate.swift in Sources */,
			);
			runOnlyForDeploymentPostprocessing = 0;
		};
/* End PBXSourcesBuildPhase section */

/* Begin PBXVariantGroup section */
		363DDC422196EABC00D6CE4C /* Main.storyboard */ = {
			isa = PBXVariantGroup;
			children = (
				363DDC432196EABC00D6CE4C /* Base */,
			);
			name = Main.storyboard;
			sourceTree = "<group>";
		};
		363DDC472196EABD00D6CE4C /* LaunchScreen.storyboard */ = {
			isa = PBXVariantGroup;
			children = (
				363DDC482196EABD00D6CE4C /* Base */,
			);
			name = LaunchScreen.storyboard;
			sourceTree = "<group>";
		};
/* End PBXVariantGroup section */

/* Begin XCBuildConfiguration section */
		363DDC4B2196EABD00D6CE4C /* Debug */ = {
			isa = XCBuildConfiguration;
			buildSettings = {
				ALWAYS_SEARCH_USER_PATHS = NO;
				CLANG_ANALYZER_NONNULL = YES;
				CLANG_ANALYZER_NUMBER_OBJECT_CONVERSION = YES_AGGRESSIVE;
				CLANG_CXX_LANGUAGE_STANDARD = "gnu++14";
				CLANG_CXX_LIBRARY = "libc++";
				CLANG_ENABLE_MODULES = YES;
				CLANG_ENABLE_OBJC_ARC = YES;
				CLANG_ENABLE_OBJC_WEAK = YES;
				CLANG_WARN_BLOCK_CAPTURE_AUTORELEASING = YES;
				CLANG_WARN_BOOL_CONVERSION = YES;
				CLANG_WARN_COMMA = YES;
				CLANG_WARN_CONSTANT_CONVERSION = YES;
				CLANG_WARN_DEPRECATED_OBJC_IMPLEMENTATIONS = YES;
				CLANG_WARN_DIRECT_OBJC_ISA_USAGE = YES_ERROR;
				CLANG_WARN_DOCUMENTATION_COMMENTS = YES;
				CLANG_WARN_EMPTY_BODY = YES;
				CLANG_WARN_ENUM_CONVERSION = YES;
				CLANG_WARN_INFINITE_RECURSION = YES;
				CLANG_WARN_INT_CONVERSION = YES;
				CLANG_WARN_NON_LITERAL_NULL_CONVERSION = YES;
				CLANG_WARN_OBJC_IMPLICIT_RETAIN_SELF = YES;
				CLANG_WARN_OBJC_LITERAL_CONVERSION = YES;
				CLANG_WARN_OBJC_ROOT_CLASS = YES_ERROR;
				CLANG_WARN_RANGE_LOOP_ANALYSIS = YES;
				CLANG_WARN_STRICT_PROTOTYPES = YES;
				CLANG_WARN_SUSPICIOUS_MOVE = YES;
				CLANG_WARN_UNGUARDED_AVAILABILITY = YES_AGGRESSIVE;
				CLANG_WARN_UNREACHABLE_CODE = YES;
				CLANG_WARN__DUPLICATE_METHOD_MATCH = YES;
				CODE_SIGN_IDENTITY = "iPhone Developer";
				COPY_PHASE_STRIP = NO;
				DEBUG_INFORMATION_FORMAT = dwarf;
				ENABLE_STRICT_OBJC_MSGSEND = YES;
				ENABLE_TESTABILITY = YES;
				GCC_C_LANGUAGE_STANDARD = gnu11;
				GCC_DYNAMIC_NO_PIC = NO;
				GCC_NO_COMMON_BLOCKS = YES;
				GCC_OPTIMIZATION_LEVEL = 0;
				GCC_PREPROCESSOR_DEFINITIONS = (
					"DEBUG=1",
					"$(inherited)",
				);
				GCC_WARN_64_TO_32_BIT_CONVERSION = YES;
				GCC_WARN_ABOUT_RETURN_TYPE = YES_ERROR;
				GCC_WARN_UNDECLARED_SELECTOR = YES;
				GCC_WARN_UNINITIALIZED_AUTOS = YES_AGGRESSIVE;
				GCC_WARN_UNUSED_FUNCTION = YES;
				GCC_WARN_UNUSED_VARIABLE = YES;
				IPHONEOS_DEPLOYMENT_TARGET = 12.0;
				MTL_ENABLE_DEBUG_INFO = INCLUDE_SOURCE;
				MTL_FAST_MATH = YES;
				ONLY_ACTIVE_ARCH = YES;
				SDKROOT = iphoneos;
				SWIFT_ACTIVE_COMPILATION_CONDITIONS = DEBUG;
				SWIFT_OPTIMIZATION_LEVEL = "-Onone";
			};
			name = Debug;
		};
		363DDC4C2196EABD00D6CE4C /* Release */ = {
			isa = XCBuildConfiguration;
			buildSettings = {
				ALWAYS_SEARCH_USER_PATHS = NO;
				CLANG_ANALYZER_NONNULL = YES;
				CLANG_ANALYZER_NUMBER_OBJECT_CONVERSION = YES_AGGRESSIVE;
				CLANG_CXX_LANGUAGE_STANDARD = "gnu++14";
				CLANG_CXX_LIBRARY = "libc++";
				CLANG_ENABLE_MODULES = YES;
				CLANG_ENABLE_OBJC_ARC = YES;
				CLANG_ENABLE_OBJC_WEAK = YES;
				CLANG_WARN_BLOCK_CAPTURE_AUTORELEASING = YES;
				CLANG_WARN_BOOL_CONVERSION = YES;
				CLANG_WARN_COMMA = YES;
				CLANG_WARN_CONSTANT_CONVERSION = YES;
				CLANG_WARN_DEPRECATED_OBJC_IMPLEMENTATIONS = YES;
				CLANG_WARN_DIRECT_OBJC_ISA_USAGE = YES_ERROR;
				CLANG_WARN_DOCUMENTATION_COMMENTS = YES;
				CLANG_WARN_EMPTY_BODY = YES;
				CLANG_WARN_ENUM_CONVERSION = YES;
				CLANG_WARN_INFINITE_RECURSION = YES;
				CLANG_WARN_INT_CONVERSION = YES;
				CLANG_WARN_NON_LITERAL_NULL_CONVERSION = YES;
				CLANG_WARN_OBJC_IMPLICIT_RETAIN_SELF = YES;
				CLANG_WARN_OBJC_LITERAL_CONVERSION = YES;
				CLANG_WARN_OBJC_ROOT_CLASS = YES_ERROR;
				CLANG_WARN_RANGE_LOOP_ANALYSIS = YES;
				CLANG_WARN_STRICT_PROTOTYPES = YES;
				CLANG_WARN_SUSPICIOUS_MOVE = YES;
				CLANG_WARN_UNGUARDED_AVAILABILITY = YES_AGGRESSIVE;
				CLANG_WARN_UNREACHABLE_CODE = YES;
				CLANG_WARN__DUPLICATE_METHOD_MATCH = YES;
				CODE_SIGN_IDENTITY = "iPhone Developer";
				COPY_PHASE_STRIP = NO;
				DEBUG_INFORMATION_FORMAT = "dwarf-with-dsym";
				ENABLE_NS_ASSERTIONS = NO;
				ENABLE_STRICT_OBJC_MSGSEND = YES;
				GCC_C_LANGUAGE_STANDARD = gnu11;
				GCC_NO_COMMON_BLOCKS = YES;
				GCC_WARN_64_TO_32_BIT_CONVERSION = YES;
				GCC_WARN_ABOUT_RETURN_TYPE = YES_ERROR;
				GCC_WARN_UNDECLARED_SELECTOR = YES;
				GCC_WARN_UNINITIALIZED_AUTOS = YES_AGGRESSIVE;
				GCC_WARN_UNUSED_FUNCTION = YES;
				GCC_WARN_UNUSED_VARIABLE = YES;
				IPHONEOS_DEPLOYMENT_TARGET = 12.0;
				MTL_ENABLE_DEBUG_INFO = NO;
				MTL_FAST_MATH = YES;
				SDKROOT = iphoneos;
				SWIFT_COMPILATION_MODE = wholemodule;
				SWIFT_OPTIMIZATION_LEVEL = "-O";
				VALIDATE_PRODUCT = YES;
			};
			name = Release;
		};
		363DDC4E2196EABD00D6CE4C /* Debug */ = {
			isa = XCBuildConfiguration;
			baseConfigurationReference = B5EBF445AC53D9262CA14AC3 /* Pods-onBoardGame.debug.xcconfig */;
			buildSettings = {
				ASSETCATALOG_COMPILER_APPICON_NAME = AppIcon;
				CODE_SIGN_ENTITLEMENTS = onBoardGame/onBoardGame.entitlements;
				CODE_SIGN_STYLE = Automatic;
				DEVELOPMENT_TEAM = DBTX2X6652;
				INFOPLIST_FILE = onBoardGame/Info.plist;
				LD_RUNPATH_SEARCH_PATHS = (
					"$(inherited)",
					"@executable_path/Frameworks",
				);
				OTHER_LDFLAGS = (
					"$(inherited)",
					"-framework",
					"\"Bolts\"",
					"-framework",
					"\"FBSDKCoreKit\"",
					"-framework",
					"\"FBSDKLoginKit\"",
					"-framework",
					"\"FBSDKShareKit\"",
					"-framework",
					"\"FacebookCore\"",
					"-framework",
					"\"FacebookShare\"",
					"-ObjC",
				);
				PRODUCT_BUNDLE_IDENTIFIER = com.hank.onBoardGame;
				PRODUCT_NAME = "$(TARGET_NAME)";
				SWIFT_VERSION = 4.2;
				TARGETED_DEVICE_FAMILY = "1,2";
			};
			name = Debug;
		};
		363DDC4F2196EABD00D6CE4C /* Release */ = {
			isa = XCBuildConfiguration;
			baseConfigurationReference = 52E54FF415CBF02702E3CFA8 /* Pods-onBoardGame.release.xcconfig */;
			buildSettings = {
				ASSETCATALOG_COMPILER_APPICON_NAME = AppIcon;
				CODE_SIGN_ENTITLEMENTS = onBoardGame/onBoardGame.entitlements;
				CODE_SIGN_STYLE = Automatic;
				DEVELOPMENT_TEAM = DBTX2X6652;
				INFOPLIST_FILE = onBoardGame/Info.plist;
				LD_RUNPATH_SEARCH_PATHS = (
					"$(inherited)",
					"@executable_path/Frameworks",
				);
				OTHER_LDFLAGS = (
					"$(inherited)",
					"-framework",
					"\"Bolts\"",
					"-framework",
					"\"FBSDKCoreKit\"",
					"-framework",
					"\"FBSDKLoginKit\"",
					"-framework",
					"\"FBSDKShareKit\"",
					"-framework",
					"\"FacebookCore\"",
					"-framework",
					"\"FacebookShare\"",
					"-ObjC",
				);
				PRODUCT_BUNDLE_IDENTIFIER = com.hank.onBoardGame;
				PRODUCT_NAME = "$(TARGET_NAME)";
				SWIFT_VERSION = 4.2;
				TARGETED_DEVICE_FAMILY = "1,2";
			};
			name = Release;
		};
/* End XCBuildConfiguration section */

/* Begin XCConfigurationList section */
		363DDC362196EABC00D6CE4C /* Build configuration list for PBXProject "onBoardGame" */ = {
			isa = XCConfigurationList;
			buildConfigurations = (
				363DDC4B2196EABD00D6CE4C /* Debug */,
				363DDC4C2196EABD00D6CE4C /* Release */,
			);
			defaultConfigurationIsVisible = 0;
			defaultConfigurationName = Release;
		};
		363DDC4D2196EABD00D6CE4C /* Build configuration list for PBXNativeTarget "onBoardGame" */ = {
			isa = XCConfigurationList;
			buildConfigurations = (
				363DDC4E2196EABD00D6CE4C /* Debug */,
				363DDC4F2196EABD00D6CE4C /* Release */,
			);
			defaultConfigurationIsVisible = 0;
			defaultConfigurationName = Release;
		};
/* End XCConfigurationList section */
	};
	rootObject = 363DDC332196EABC00D6CE4C /* Project object */;
}
